{
  "name": "@learnmono/root",
  "version": "1.0.0",
  "lockfileVersion": 3,
  "requires": true,
  "packages": {
    "": {
      "name": "@learnmono/root",
      "version": "1.0.0",
      "dependencies": {
        "@learnmono/root": "file:"
      }
    },
    "node_modules/@learnmono/root": {
      "resolved": "",
      "link": true
    }
  }
}
